{
  "name": "04.remote-data-and-authentication-exercise",
  "version": "1.0.0",
  "lockfileVersion": 3,
  "requires": true,
  "packages": {
    "": {
      "name": "04.remote-data-and-authentication-exercise",
      "version": "1.0.0",
      "license": "ISC",
      "devDependencies": {
        "playwright-chromium": "^1.35.1"
      }
    },
    "node_modules/playwright-chromium": {
      "version": "1.35.1",
      "resolved": "https://registry.npmjs.org/playwright-chromium/-/playwright-chromium-1.35.1.tgz",
      "integrity": "sha512-bPuWIk/DYWtrg10ajcc9cZLo5s9XQrs6JF6wwiieqZ73rCG3PLVEm0RX8fCUzziuEAhYsoL09UNuKSKv7pKz9A==",
      "dev": true,
      "hasInstallScript": true,
      "dependencies": {
        "playwright-core": "1.35.1"
      },
      "bin": {
        "playwright": "cli.js"
      },
      "engines": {
        "node": ">=16"
      }
    },
    "node_modules/playwright-core": {
      "version": "1.35.1",
      "resolved": "https://registry.npmjs.org/playwright-core/-/playwright-core-1.35.1.tgz",
      "integrity": "sha512-pNXb6CQ7OqmGDRspEjlxE49w+4YtR6a3X6mT1hZXeJHWmsEz7SunmvZeiG/+y1yyMZdHnnn73WKYdtV1er0Xyg==",
      "dev": true,
      "bin": {
        "playwright-core": "cli.js"
      },
      "engines": {
        "node": ">=16"
      }
    }
  }
}
